
Microsoft Visual Studio Solution File, Format Version 12.00
# Visual Studio Version 17
VisualStudioVersion = 17.9.34728.123
MinimumVisualStudioVersion = 10.0.40219.1
Project("{FAE04EC0-301F-11D3-BF4B-00C04F79EFBC}") = "Webfront", "Webfront\Webfront.csproj", "{BBE6A12C-2055-4378-98DD-20F0C197B90B}"
EndProject
Project("{FAE04EC0-301F-11D3-BF4B-00C04F79EFBC}") = "WebAppBackend", "WebAppBackend\WebAppBackend.csproj", "{19647348-942E-4847-8047-9CA48FF0FDF3}"
EndProject
Global
	GlobalSection(SolutionConfigurationPlatforms) = preSolution
		Debug|Any CPU = Debug|Any CPU
		Release|Any CPU = Release|Any CPU
	EndGlobalSection
	GlobalSection(ProjectConfigurationPlatforms) = postSolution
		{BBE6A12C-2055-4378-98DD-20F0C197B90B}.Debug|Any CPU.ActiveCfg = Debug|Any CPU
		{BBE6A12C-2055-4378-98DD-20F0C197B90B}.Debug|Any CPU.Build.0 = Debug|Any CPU
		{BBE6A12C-2055-4378-98DD-20F0C197B90B}.Release|Any CPU.ActiveCfg = Release|Any CPU
		{BBE6A12C-2055-4378-98DD-20F0C197B90B}.Release|Any CPU.Build.0 = Release|Any CPU
		{19647348-942E-4847-8047-9CA48FF0FDF3}.Debug|Any CPU.ActiveCfg = Debug|Any CPU
		{19647348-942E-4847-8047-9CA48FF0FDF3}.Debug|Any CPU.Build.0 = Debug|Any CPU
		{19647348-942E-4847-8047-9CA48FF0FDF3}.Release|Any CPU.ActiveCfg = Release|Any CPU
		{19647348-942E-4847-8047-9CA48FF0FDF3}.Release|Any CPU.Build.0 = Release|Any CPU
	EndGlobalSection
	GlobalSection(SolutionProperties) = preSolution
		HideSolutionNode = FALSE
	EndGlobalSection
	GlobalSection(ExtensibilityGlobals) = postSolution
		SolutionGuid = {0F33256A-1EFF-42E1-B844-9CBD8EE76A39}
	EndGlobalSection
EndGlobal
